
Microsoft Visual Studio Solution File, Format Version 12.00
# Visual Studio Version 17
VisualStudioVersion = 17.14.36221.1 d17.14
MinimumVisualStudioVersion = 10.0.40219.1
Project("{FAE04EC0-301F-11D3-BF4B-00C04F79EFBC}") = "SprinklerCalculator", "SprinklerCalculator\SprinklerCalculator.csproj", "{0498D418-C822-4CF8-A7C6-42DC718F7FB0}"
EndProject
Global
	GlobalSection(SolutionConfigurationPlatforms) = preSolution
		Debug|Any CPU = Debug|Any CPU
		Release|Any CPU = Release|Any CPU
	EndGlobalSection
	GlobalSection(ProjectConfigurationPlatforms) = postSolution
		{0498D418-C822-4CF8-A7C6-42DC718F7FB0}.Debug|Any CPU.ActiveCfg = Debug|Any CPU
		{0498D418-C822-4CF8-A7C6-42DC718F7FB0}.Debug|Any CPU.Build.0 = Debug|Any CPU
		{0498D418-C822-4CF8-A7C6-42DC718F7FB0}.Release|Any CPU.ActiveCfg = Release|Any CPU
		{0498D418-C822-4CF8-A7C6-42DC718F7FB0}.Release|Any CPU.Build.0 = Release|Any CPU
	EndGlobalSection
	GlobalSection(SolutionProperties) = preSolution
		HideSolutionNode = FALSE
	EndGlobalSection
	GlobalSection(ExtensibilityGlobals) = postSolution
		SolutionGuid = {18798A8F-57F6-4003-AC9B-971B448349B9}
	EndGlobalSection
EndGlobal
